// !$*UTF8*$!
{
	archiveVersion = 1;
	classes = {
	};
	objectVersion = 46;
	objects = {

/* Begin PBXBuildFile section */
		2C43A7C11CCDE375000C4883 /* AppDelegate.swift in Sources */ = {isa = PBXBuildFile; fileRef = 2C43A7C01CCDE375000C4883 /* AppDelegate.swift */; };
		2C43A7C31CCDE375000C4883 /* ViewController.swift in Sources */ = {isa = PBXBuildFile; fileRef = 2C43A7C21CCDE375000C4883 /* ViewController.swift */; };
		2C43A7C61CCDE376000C4883 /* Main.storyboard in Resources */ = {isa = PBXBuildFile; fileRef = 2C43A7C41CCDE376000C4883 /* Main.storyboard */; };
		2C43A7C81CCDE376000C4883 /* Assets.xcassets in Resources */ = {isa = PBXBuildFile; fileRef = 2C43A7C71CCDE376000C4883 /* Assets.xcassets */; };
		2C43A7CB1CCDE376000C4883 /* LaunchScreen.storyboard in Resources */ = {isa = PBXBuildFile; fileRef = 2C43A7C91CCDE376000C4883 /* LaunchScreen.storyboard */; };
/* End PBXBuildFile section */

/* Begin PBXFileReference section */
		2C43A7BD1CCDE375000C4883 /* tipCalc.app */ = {isa = PBXFileReference; explicitFileType = wrapper.application; includeInIndex = 0; path = tipCalc.app; sourceTree = BUILT_PRODUCTS_DIR; };
		2C43A7C01CCDE375000C4883 /* AppDelegate.swift */ = {isa = PBXFileReference; lastKnownFileType = sourcecode.swift; path = AppDelegate.swift; sourceTree = "<group>"; };
		2C43A7C21CCDE375000C4883 /* ViewController.swift */ = {isa = PBXFileReference; lastKnownFileType = sourcecode.swift; path = ViewController.swift; sourceTree = "<group>"; };
		2C43A7C51CCDE376000C4883 /* Base */ = {isa = PBXFileReference; lastKnownFileType = file.storyboard; name = Base; path = Base.lproj/Main.storyboard; sourceTree = "<group>"; };
		2C43A7C71CCDE376000C4883 /* Assets.xcassets */ = {isa = PBXFileReference; lastKnownFileType = folder.assetcatalog; path = Assets.xcassets; sourceTree = "<group>"; };
		2C43A7CA1CCDE376000C4883 /* Base */ = {isa = PBXFileReference; lastKnownFileType = file.storyboard; name = Base; path = Base.lproj/LaunchScreen.storyboard; sourceTree = "<group>"; };
		2C43A7CC1CCDE376000C4883 /* Info.plist */ = {isa = PBXFileReference; lastKnownFileType = text.plist.xml; path = Info.plist; sourceTree = "<group>"; };
/* End PBXFileReference section */

/* Begin PBXFrameworksBuildPhase section */
		2C43A7BA1CCDE375000C4883 /* Frameworks */ = {
			isa = PBXFrameworksBuildPhase;
			buildActionMask = 2147483647;
			files = (
			);
			runOnlyForDeploymentPostprocessing = 0;
		};
/* End PBXFrameworksBuildPhase section */

/* Begin PBXGroup section */
		2C43A7B41CCDE375000C4883 = {
			isa = PBXGroup;
			children = (
				2C43A7BF1CCDE375000C4883 /* tipCalc */,
				2C43A7BE1CCDE375000C4883 /* Products */,
			);
			sourceTree = "<group>";
		};
		2C43A7BE1CCDE375000C4883 /* Products */ = {
			isa = PBXGroup;
			children = (
				2C43A7BD1CCDE375000C4883 /* tipCalc.app */,
			);
			name = Products;
			sourceTree = "<group>";
		};
		2C43A7BF1CCDE375000C4883 /* tipCalc */ = {
			isa = PBXGroup;
			children = (
				2C43A7C01CCDE375000C4883 /* AppDelegate.swift */,
				2C43A7C21CCDE375000C4883 /* ViewController.swift */,
				2C43A7C41CCDE376000C4883 /* Main.storyboard */,
				2C43A7C71CCDE376000C4883 /* Assets.xcassets */,
				2C43A7C91CCDE376000C4883 /* LaunchScreen.storyboard */,
				2C43A7CC1CCDE376000C4883 /* Info.plist */,
			);
			path = tipCalc;
			sourceTree = "<group>";
		};
/* End PBXGroup section */

/* Begin PBXNativeTarget section */
		2C43A7BC1CCDE375000C4883 /* tipCalc */ = {
			isa = PBXNativeTarget;
			buildConfigurationList = 2C43A7CF1CCDE376000C4883 /* Build configuration list for PBXNativeTarget "tipCalc" */;
			buildPhases = (
				2C43A7B91CCDE375000C4883 /* Sources */,
				2C43A7BA1CCDE375000C4883 /* Frameworks */,
				2C43A7BB1CCDE375000C4883 /* Resources */,
			);
			buildRules = (
			);
			dependencies = (
			);
			name = tipCalc;
			productName = tipCalc;
			productReference = 2C43A7BD1CCDE375000C4883 /* tipCalc.app */;
			productType = "com.apple.product-type.application";
		};
/* End PBXNativeTarget section */

/* Begin PBXProject section */
		2C43A7B51CCDE375000C4883 /* Project object */ = {
			isa = PBXProject;
			attributes = {
				LastSwiftUpdateCheck = 0730;
				LastUpgradeCheck = 0730;
				ORGANIZATIONNAME = "Lindsey Hogg";
				TargetAttributes = {
					2C43A7BC1CCDE375000C4883 = {
						CreatedOnToolsVersion = 7.3;
						DevelopmentTeam = S9BD77E6DZ;
					};
				};
			};
			buildConfigurationList = 2C43A7B81CCDE375000C4883 /* Build configuration list for PBXProject "tipCalc" */;
			compatibilityVersion = "Xcode 3.2";
			developmentRegion = English;
			hasScannedForEncodings = 0;
			knownRegions = (
				en,
				Base,
			);
			mainGroup = 2C43A7B41CCDE375000C4883;
			productRefGroup = 2C43A7BE1CCDE375000C4883 /* Products */;
			projectDirPath = "";
			projectRoot = "";
			targets = (
				2C43A7BC1CCDE375000C4883 /* tipCalc */,
			);
		};
/* End PBXProject section */

/* Begin PBXResourcesBuildPhase section */
		2C43A7BB1CCDE375000C4883 /* Resources */ = {
			isa = PBXResourcesBuildPhase;
			buildActionMask = 2147483647;
			files = (
				2C43A7CB1CCDE376000C4883 /* LaunchScreen.storyboard in Resources */,
				2C43A7C81CCDE376000C4883 /* Assets.xcassets in Resources */,
				2C43A7C61CCDE376000C4883 /* Main.storyboard in Resources */,
			);
			runOnlyForDeploymentPostprocessing = 0;
		};
/* End PBXResourcesBuildPhase section */

/* Begin PBXSourcesBuildPhase section */
		2C43A7B91CCDE375000C4883 /* Sources */ = {
			isa = PBXSourcesBuildPhase;
			buildActionMask = 2147483647;
			files = (
				2C43A7C31CCDE375000C4883 /* ViewController.swift in Sources */,
				2C43A7C11CCDE375000C4883 /* AppDelegate.swift in Sources */,
			);
			runOnlyForDeploymentPostprocessing = 0;
		};
/* End PBXSourcesBuildPhase section */

/* Begin PBXVariantGroup section */
		2C43A7C41CCDE376000C4883 /* Main.storyboard */ = {
			isa = PBXVariantGroup;
			children = (
				2C43A7C51CCDE376000C4883 /* Base */,
			);
			name = Main.storyboard;
			sourceTree = "<group>";
		};
		2C43A7C91CCDE376000C4883 /* LaunchScreen.storyboard */ = {
			isa = PBXVariantGroup;
			children = (
				2C43A7CA1CCDE376000C4883 /* Base */,
			);
			name = LaunchScreen.storyboard;
			sourceTree = "<group>";
		};
/* End PBXVariantGroup section */

/* Begin XCBuildConfiguration section */
		2C43A7CD1CCDE376000C4883 /* Debug */ = {
			isa = XCBuildConfiguration;
			buildSettings = {
				ALWAYS_SEARCH_USER_PATHS = NO;
				CLANG_ANALYZER_NONNULL = YES;
				CLANG_CXX_LANGUAGE_STANDARD = "gnu++0x";
				CLANG_CXX_LIBRARY = "libc++";
				CLANG_ENABLE_MODULES = YES;
				CLANG_ENABLE_OBJC_ARC = YES;
				CLANG_WARN_BOOL_CONVERSION = YES;
				CLANG_WARN_CONSTANT_CONVERSION = YES;
				CLANG_WARN_DIRECT_OBJC_ISA_USAGE = YES_ERROR;
				CLANG_WARN_EMPTY_BODY = YES;
				CLANG_WARN_ENUM_CONVERSION = YES;
				CLANG_WARN_INT_CONVERSION = YES;
				CLANG_WARN_OBJC_ROOT_CLASS = YES_ERROR;
				CLANG_WARN_UNREACHABLE_CODE = YES;
				CLANG_WARN__DUPLICATE_METHOD_MATCH = YES;
				"CODE_SIGN_IDENTITY[sdk=iphoneos*]" = "iPhone Developer";
				COPY_PHASE_STRIP = NO;
				DEBUG_INFORMATION_FORMAT = dwarf;
				ENABLE_STRICT_OBJC_MSGSEND = YES;
				ENABLE_TESTABILITY = YES;
				GCC_C_LANGUAGE_STANDARD = gnu99;
				GCC_DYNAMIC_NO_PIC = NO;
				GCC_NO_COMMON_BLOCKS = YES;
				GCC_OPTIMIZATION_LEVEL = 0;
				GCC_PREPROCESSOR_DEFINITIONS = (
					"DEBUG=1",
					"$(inherited)",
				);
				GCC_WARN_64_TO_32_BIT_CONVERSION = YES;
				GCC_WARN_ABOUT_RETURN_TYPE = YES_ERROR;
				GCC_WARN_UNDECLARED_SELECTOR = YES;
				GCC_WARN_UNINITIALIZED_AUTOS = YES_AGGRESSIVE;
				GCC_WARN_UNUSED_FUNCTION = YES;
				GCC_WARN_UNUSED_VARIABLE = YES;
				IPHONEOS_DEPLOYMENT_TARGET = 9.3;
				MTL_ENABLE_DEBUG_INFO = YES;
				ONLY_ACTIVE_ARCH = YES;
				SDKROOT = iphoneos;
				SWIFT_OPTIMIZATION_LEVEL = "-Onone";
			};
			name = Debug;
		};
		2C43A7CE1CCDE376000C4883 /* Release */ = {
			isa = XCBuildConfiguration;
			buildSettings = {
				ALWAYS_SEARCH_USER_PATHS = NO;
				CLANG_ANALYZER_NONNULL = YES;
				CLANG_CXX_LANGUAGE_STANDARD = "gnu++0x";
				CLANG_CXX_LIBRARY = "libc++";
				CLANG_ENABLE_MODULES = YES;
				CLANG_ENABLE_OBJC_ARC = YES;
				CLANG_WARN_BOOL_CONVERSION = YES;
				CLANG_WARN_CONSTANT_CONVERSION = YES;
				CLANG_WARN_DIRECT_OBJC_ISA_USAGE = YES_ERROR;
				CLANG_WARN_EMPTY_BODY = YES;
				CLANG_WARN_ENUM_CONVERSION = YES;
				CLANG_WARN_INT_CONVERSION = YES;
				CLANG_WARN_OBJC_ROOT_CLASS = YES_ERROR;
				CLANG_WARN_UNREACHABLE_CODE = YES;
				CLANG_WARN__DUPLICATE_METHOD_MATCH = YES;
				"CODE_SIGN_IDENTITY[sdk=iphoneos*]" = "iPhone Developer";
				COPY_PHASE_STRIP = NO;
				DEBUG_INFORMATION_FORMAT = "dwarf-with-dsym";
				ENABLE_NS_ASSERTIONS = NO;
				ENABLE_STRICT_OBJC_MSGSEND = YES;
				GCC_C_LANGUAGE_STANDARD = gnu99;
				GCC_NO_COMMON_BLOCKS = YES;
				GCC_WARN_64_TO_32_BIT_CONVERSION = YES;
				GCC_WARN_ABOUT_RETURN_TYPE = YES_ERROR;
				GCC_WARN_UNDECLARED_SELECTOR = YES;
				GCC_WARN_UNINITIALIZED_AUTOS = YES_AGGRESSIVE;
				GCC_WARN_UNUSED_FUNCTION = YES;
				GCC_WARN_UNUSED_VARIABLE = YES;
				IPHONEOS_DEPLOYMENT_TARGET = 9.3;
				MTL_ENABLE_DEBUG_INFO = NO;
				SDKROOT = iphoneos;
				VALIDATE_PRODUCT = YES;
			};
			name = Release;
		};
		2C43A7D01CCDE376000C4883 /* Debug */ = {
			isa = XCBuildConfiguration;
			buildSettings = {
				ASSETCATALOG_COMPILER_APPICON_NAME = AppIcon;
				INFOPLIST_FILE = tipCalc/Info.plist;
				LD_RUNPATH_SEARCH_PATHS = "$(inherited) @executable_path/Frameworks";
				PRODUCT_BUNDLE_IDENTIFIER = com.lindseystudios.tipCalc;
				PRODUCT_NAME = "$(TARGET_NAME)";
			};
			name = Debug;
		};
		2C43A7D11CCDE376000C4883 /* Release */ = {
			isa = XCBuildConfiguration;
			buildSettings = {
				ASSETCATALOG_COMPILER_APPICON_NAME = AppIcon;
				INFOPLIST_FILE = tipCalc/Info.plist;
				LD_RUNPATH_SEARCH_PATHS = "$(inherited) @executable_path/Frameworks";
				PRODUCT_BUNDLE_IDENTIFIER = com.lindseystudios.tipCalc;
				PRODUCT_NAME = "$(TARGET_NAME)";
			};
			name = Release;
		};
/* End XCBuildConfiguration section */

/* Begin XCConfigurationList section */
		2C43A7B81CCDE375000C4883 /* Build configuration list for PBXProject "tipCalc" */ = {
			isa = XCConfigurationList;
			buildConfigurations = (
				2C43A7CD1CCDE376000C4883 /* Debug */,
				2C43A7CE1CCDE376000C4883 /* Release */,
			);
			defaultConfigurationIsVisible = 0;
			defaultConfigurationName = Release;
		};
		2C43A7CF1CCDE376000C4883 /* Build configuration list for PBXNativeTarget "tipCalc" */ = {
			isa = XCConfigurationList;
			buildConfigurations = (
				2C43A7D01CCDE376000C4883 /* Debug */,
				2C43A7D11CCDE376000C4883 /* Release */,
			);
			defaultConfigurationIsVisible = 0;
		};
/* End XCConfigurationList section */
	};
	rootObject = 2C43A7B51CCDE375000C4883 /* Project object */;
}
